
Microsoft Visual Studio Solution File, Format Version 12.00
# Visual Studio Version 17
VisualStudioVersion = 17.3.32825.248
MinimumVisualStudioVersion = 10.0.40219.1
Project("{FAE04EC0-301F-11D3-BF4B-00C04F79EFBC}") = "final project", "final project\final project.csproj", "{CB9BD2FC-FD2D-4A36-AA00-6CD36A92741C}"
EndProject
Project("{FAE04EC0-301F-11D3-BF4B-00C04F79EFBC}") = "Repository", "Repository\Repository.csproj", "{516B2E09-E954-4A8E-AF6B-B7B03DDF5D69}"
EndProject
Project("{FAE04EC0-301F-11D3-BF4B-00C04F79EFBC}") = "Service", "Service\Service.csproj", "{C1FC9E03-3047-4F46-A1B6-C4D542B7FBF4}"
EndProject
Project("{FAE04EC0-301F-11D3-BF4B-00C04F79EFBC}") = "Common", "Common\Common.csproj", "{B8C7F87D-1DF2-48BE-881B-3E8B3EBBBC75}"
EndProject
Project("{FAE04EC0-301F-11D3-BF4B-00C04F79EFBC}") = "DataContext", "DataContext\DataContext.csproj", "{137C219D-5AD2-4E46-954F-6CFF47E09F3D}"
EndProject
Global
	GlobalSection(SolutionConfigurationPlatforms) = preSolution
		Debug|Any CPU = Debug|Any CPU
		Release|Any CPU = Release|Any CPU
	EndGlobalSection
	GlobalSection(ProjectConfigurationPlatforms) = postSolution
		{CB9BD2FC-FD2D-4A36-AA00-6CD36A92741C}.Debug|Any CPU.ActiveCfg = Debug|Any CPU
		{CB9BD2FC-FD2D-4A36-AA00-6CD36A92741C}.Debug|Any CPU.Build.0 = Debug|Any CPU
		{CB9BD2FC-FD2D-4A36-AA00-6CD36A92741C}.Release|Any CPU.ActiveCfg = Release|Any CPU
		{CB9BD2FC-FD2D-4A36-AA00-6CD36A92741C}.Release|Any CPU.Build.0 = Release|Any CPU
		{516B2E09-E954-4A8E-AF6B-B7B03DDF5D69}.Debug|Any CPU.ActiveCfg = Debug|Any CPU
		{516B2E09-E954-4A8E-AF6B-B7B03DDF5D69}.Debug|Any CPU.Build.0 = Debug|Any CPU
		{516B2E09-E954-4A8E-AF6B-B7B03DDF5D69}.Release|Any CPU.ActiveCfg = Release|Any CPU
		{516B2E09-E954-4A8E-AF6B-B7B03DDF5D69}.Release|Any CPU.Build.0 = Release|Any CPU
		{C1FC9E03-3047-4F46-A1B6-C4D542B7FBF4}.Debug|Any CPU.ActiveCfg = Debug|Any CPU
		{C1FC9E03-3047-4F46-A1B6-C4D542B7FBF4}.Debug|Any CPU.Build.0 = Debug|Any CPU
		{C1FC9E03-3047-4F46-A1B6-C4D542B7FBF4}.Release|Any CPU.ActiveCfg = Release|Any CPU
		{C1FC9E03-3047-4F46-A1B6-C4D542B7FBF4}.Release|Any CPU.Build.0 = Release|Any CPU
		{B8C7F87D-1DF2-48BE-881B-3E8B3EBBBC75}.Debug|Any CPU.ActiveCfg = Debug|Any CPU
		{B8C7F87D-1DF2-48BE-881B-3E8B3EBBBC75}.Debug|Any CPU.Build.0 = Debug|Any CPU
		{B8C7F87D-1DF2-48BE-881B-3E8B3EBBBC75}.Release|Any CPU.ActiveCfg = Release|Any CPU
		{B8C7F87D-1DF2-48BE-881B-3E8B3EBBBC75}.Release|Any CPU.Build.0 = Release|Any CPU
		{137C219D-5AD2-4E46-954F-6CFF47E09F3D}.Debug|Any CPU.ActiveCfg = Debug|Any CPU
		{137C219D-5AD2-4E46-954F-6CFF47E09F3D}.Debug|Any CPU.Build.0 = Debug|Any CPU
		{137C219D-5AD2-4E46-954F-6CFF47E09F3D}.Release|Any CPU.ActiveCfg = Release|Any CPU
		{137C219D-5AD2-4E46-954F-6CFF47E09F3D}.Release|Any CPU.Build.0 = Release|Any CPU
	EndGlobalSection
	GlobalSection(SolutionProperties) = preSolution
		HideSolutionNode = FALSE
	EndGlobalSection
	GlobalSection(ExtensibilityGlobals) = postSolution
		SolutionGuid = {E7344F25-9173-4A0C-9389-CD7D6C781967}
	EndGlobalSection
EndGlobal
